{
  "requires": true,
  "lockfileVersion": 1,
  "dependencies": {
    "async": {
      "version": "1.5.2",
      "resolved": "https://registry.npmjs.org/async/-/async-1.5.2.tgz",
      "integrity": "sha1-7GphrlZIDAw8skHJVhjiCJL5Zyo="
    },
    "buffer-equal-constant-time": {
      "version": "1.0.1",
      "resolved": "https://registry.npmjs.org/buffer-equal-constant-time/-/buffer-equal-constant-time-1.0.1.tgz",
      "integrity": "sha1-+OcRMvf/5uAaXJaXpMbz5I1cyBk="
    },
    "ecdsa-sig-formatter": {
      "version": "1.0.11",
      "resolved": "https://registry.npmjs.org/ecdsa-sig-formatter/-/ecdsa-sig-formatter-1.0.11.tgz",
      "integrity": "sha512-nagl3RYrbNv6kQkeJIpt6NJZy8twLB/2vtz6yN9Z4vRKHN4/QZJIEbqohALSgwKdnksuY3k5Addp5lg8sVoVcQ==",
      "requires": {
        "safe-buffer": "^5.0.1"
      }
    },
    "ent": {
      "version": "2.2.0",
      "resolved": "https://registry.npmjs.org/ent/-/ent-2.2.0.tgz",
      "integrity": "sha1-6WQhkyWiHQX0RGai9obtbOX13R0="
    },
    "express-jwt": {
      "version": "6.0.0",
      "resolved": "https://registry.npmjs.org/express-jwt/-/express-jwt-6.0.0.tgz",
      "integrity": "sha512-C26y9myRjx7CyhZ+BAT3p+gQyRCoDZ7qo8plCvLDaRT6je6ALIAQknT6XLVQGFKwIy/Ux7lvM2MNap5dt0T7gA==",
      "requires": {
        "async": "^1.5.0",
        "express-unless": "^0.3.0",
        "jsonwebtoken": "^8.1.0",
        "lodash.set": "^4.0.0"
      }
    },
    "express-unless": {
      "version": "0.3.1",
      "resolved": "https://registry.npmjs.org/express-unless/-/express-unless-0.3.1.tgz",
      "integrity": "sha1-JVfBRudb65A+LSR/m1ugFFJpbiA="
    },
    "express-validator": {
      "version": "6.7.0",
      "resolved": "https://registry.npmjs.org/express-validator/-/express-validator-6.7.0.tgz",
      "integrity": "sha512-sLnTFlyKEvesC2Fyn1TY4Q05cWCZHQQ1ijQOVbBG7hFeTKt4CNzttoF4t6CqrYroKa+2DOzj0E09odPIYDTbRg==",
      "requires": {
        "lodash": "^4.17.20",
        "validator": "^13.1.1"
      }
    },
    "formidable": {
      "version": "1.2.2",
      "resolved": "https://registry.npmjs.org/formidable/-/formidable-1.2.2.tgz",
      "integrity": "sha512-V8gLm+41I/8kguQ4/o1D3RIHRmhYFG4pnNyonvua+40rqcEmT4+V71yaZ3B457xbbgCsCfjSPi65u/W6vK1U5Q=="
    },
    "jsonwebtoken": {
      "version": "8.5.1",
      "resolved": "https://registry.npmjs.org/jsonwebtoken/-/jsonwebtoken-8.5.1.tgz",
      "integrity": "sha512-XjwVfRS6jTMsqYs0EsuJ4LGxXV14zQybNd4L2r0UvbVnSF9Af8x7p5MzbJ90Ioz/9TI41/hTCvznF/loiSzn8w==",
      "requires": {
        "jws": "^3.2.2",
        "lodash.includes": "^4.3.0",
        "lodash.isboolean": "^3.0.3",
        "lodash.isinteger": "^4.0.4",
        "lodash.isnumber": "^3.0.3",
        "lodash.isplainobject": "^4.0.6",
        "lodash.isstring": "^4.0.1",
        "lodash.once": "^4.0.0",
        "ms": "^2.1.1",
        "semver": "^5.6.0"
      }
    },
    "jwa": {
      "version": "1.4.1",
      "resolved": "https://registry.npmjs.org/jwa/-/jwa-1.4.1.tgz",
      "integrity": "sha512-qiLX/xhEEFKUAJ6FiBMbes3w9ATzyk5W7Hvzpa/SLYdxNtng+gcurvrI7TbACjIXlsJyr05/S1oUhZrc63evQA==",
      "requires": {
        "buffer-equal-constant-time": "1.0.1",
        "ecdsa-sig-formatter": "1.0.11",
        "safe-buffer": "^5.0.1"
      }
    },
    "jws": {
      "version": "3.2.2",
      "resolved": "https://registry.npmjs.org/jws/-/jws-3.2.2.tgz",
      "integrity": "sha512-YHlZCB6lMTllWDtSPHz/ZXTsi8S00usEV6v1tjq8tOUZzw7DpSDWVXjXDre6ed1w/pd495ODpHZYSdkRTsa0HA==",
      "requires": {
        "jwa": "^1.4.1",
        "safe-buffer": "^5.0.1"
      }
    },
    "lodash": {
      "version": "4.17.20",
      "resolved": "https://registry.npmjs.org/lodash/-/lodash-4.17.20.tgz",
      "integrity": "sha512-PlhdFcillOINfeV7Ni6oF1TAEayyZBoZ8bcshTHqOYJYlrqzRK5hagpagky5o4HfCzzd1TRkXPMFq6cKk9rGmA=="
    },
    "lodash.clonedeep": {
      "version": "4.5.0",
      "resolved": "https://registry.npmjs.org/lodash.clonedeep/-/lodash.clonedeep-4.5.0.tgz",
      "integrity": "sha1-4j8/nE+Pvd6HJSnBBxhXoIblzO8="
    },
    "lodash.includes": {
      "version": "4.3.0",
      "resolved": "https://registry.npmjs.org/lodash.includes/-/lodash.includes-4.3.0.tgz",
      "integrity": "sha1-YLuYqHy5I8aMoeUTJUgzFISfVT8="
    },
    "lodash.isboolean": {
      "version": "3.0.3",
      "resolved": "https://registry.npmjs.org/lodash.isboolean/-/lodash.isboolean-3.0.3.tgz",
      "integrity": "sha1-bC4XHbKiV82WgC/UOwGyDV9YcPY="
    },
    "lodash.isinteger": {
      "version": "4.0.4",
      "resolved": "https://registry.npmjs.org/lodash.isinteger/-/lodash.isinteger-4.0.4.tgz",
      "integrity": "sha1-YZwK89A/iwTDH1iChAt3sRzWg0M="
    },
    "lodash.isnumber": {
      "version": "3.0.3",
      "resolved": "https://registry.npmjs.org/lodash.isnumber/-/lodash.isnumber-3.0.3.tgz",
      "integrity": "sha1-POdoEMWSjQM1IwGsKHMX8RwLH/w="
    },
    "lodash.isplainobject": {
      "version": "4.0.6",
      "resolved": "https://registry.npmjs.org/lodash.isplainobject/-/lodash.isplainobject-4.0.6.tgz",
      "integrity": "sha1-fFJqUtibRcRcxpC4gWO+BJf1UMs="
    },
    "lodash.isstring": {
      "version": "4.0.1",
      "resolved": "https://registry.npmjs.org/lodash.isstring/-/lodash.isstring-4.0.1.tgz",
      "integrity": "sha1-1SfftUVuynzJu5XV2ur4i6VKVFE="
    },
    "lodash.once": {
      "version": "4.1.1",
      "resolved": "https://registry.npmjs.org/lodash.once/-/lodash.once-4.1.1.tgz",
      "integrity": "sha1-DdOXEhPHxW34gJd9UEyI+0cal6w="
    },
    "lodash.set": {
      "version": "4.3.2",
      "resolved": "https://registry.npmjs.org/lodash.set/-/lodash.set-4.3.2.tgz",
      "integrity": "sha1-2HV7HagH3eJIFrDWqEvqGnYjCyM="
    },
    "lodash.trim": {
      "version": "4.5.1",
      "resolved": "https://registry.npmjs.org/lodash.trim/-/lodash.trim-4.5.1.tgz",
      "integrity": "sha1-NkJefukL5KpeJ7zruFt9EepHqlc="
    },
    "lodash.without": {
      "version": "4.4.0",
      "resolved": "https://registry.npmjs.org/lodash.without/-/lodash.without-4.4.0.tgz",
      "integrity": "sha1-PNRXSgC2e643OpS3SHcmQFB7eqw="
    },
    "ms": {
      "version": "2.1.2",
      "resolved": "https://registry.npmjs.org/ms/-/ms-2.1.2.tgz",
      "integrity": "sha512-sGkPx+VjMtmA6MX27oA4FBFELFCZZ4S4XqeGOXCv68tT+jb3vk/RyaKWP0PTKyWtmLSM0b+adUTEvbs1PEaH2w=="
    },
    "ranges-apply": {
      "version": "4.0.2",
      "resolved": "https://registry.npmjs.org/ranges-apply/-/ranges-apply-4.0.2.tgz",
      "integrity": "sha512-i3h19Nz+lFI204WpkH2jOmr1LuC2zHTb/S8qoAOX4RU8CXa1ISVaXyFMMUsy+SF95hC6KtSd2feoLARgh9Yt0w==",
      "requires": {
        "ranges-merge": "^6.2.0"
      }
    },
    "ranges-merge": {
      "version": "6.2.0",
      "resolved": "https://registry.npmjs.org/ranges-merge/-/ranges-merge-6.2.0.tgz",
      "integrity": "sha512-dI2NJkiZPu/xI19s4/0/TLWofnvt91FbAnICqcY3x8janbO7csAECMLdNG+0Q9hxQ9w7qT9NucT7y8eatOW2ew==",
      "requires": {
        "ranges-sort": "^3.14.0"
      }
    },
    "ranges-push": {
      "version": "4.0.2",
      "resolved": "https://registry.npmjs.org/ranges-push/-/ranges-push-4.0.2.tgz",
      "integrity": "sha512-zmHoeMlrGCYMCSSIeGUtcwaQdvIuObUW3tJ22kniSRetaOGMHjfoqd8/ovH+u/gDFm0OS9GM1GenQImFXYy1OQ==",
      "requires": {
        "ranges-merge": "^6.2.0",
        "string-collapse-leading-whitespace": "^4.0.0",
        "string-trim-spaces-only": "^2.9.0"
      }
    },
    "ranges-sort": {
      "version": "3.14.0",
      "resolved": "https://registry.npmjs.org/ranges-sort/-/ranges-sort-3.14.0.tgz",
      "integrity": "sha512-QoqzNY4yf/JtpBaOG12uxWxb/BUu9hPUucakOBrkgKA57GtmjJqMZYauqYryAVMztpkrrO7kqqzrIadYBXT53Q=="
    },
    "safe-buffer": {
      "version": "5.2.1",
      "resolved": "https://registry.npmjs.org/safe-buffer/-/safe-buffer-5.2.1.tgz",
      "integrity": "sha512-rp3So07KcdmmKbGvgaNxQSJr7bGVSVk5S9Eq1F+ppbRo70+YeaDxkw5Dd8NPN+GD6bjnYm2VuPuCXmpuYvmCXQ=="
    },
    "semver": {
      "version": "5.7.1",
      "resolved": "https://registry.npmjs.org/semver/-/semver-5.7.1.tgz",
      "integrity": "sha512-sauaDf/PZdVgrLTNYHRtpXa1iRiKcaebiKQ1BJdpQlWH2lCvexQdX55snPFyK7QzpudqbCI0qXFfOasHdyNDGQ=="
    },
    "slugify": {
      "version": "1.4.6",
      "resolved": "https://registry.npmjs.org/slugify/-/slugify-1.4.6.tgz",
      "integrity": "sha512-ZdJIgv9gdrYwhXqxsH9pv7nXxjUEyQ6nqhngRxoAAOlmMGA28FDq5O4/5US4G2/Nod7d1ovNcgURQJ7kHq50KQ=="
    },
    "string-collapse-leading-whitespace": {
      "version": "4.0.0",
      "resolved": "https://registry.npmjs.org/string-collapse-leading-whitespace/-/string-collapse-leading-whitespace-4.0.0.tgz",
      "integrity": "sha512-AKnhq+wgx09Xrvp6fEYqucUcvXVcggwpA1hVv8e/zmg0Trhh8+KTuRBrsxEs7Nwnuy395xOEMoZHeigeH+eCVQ=="
    },
    "string-left-right": {
      "version": "3.0.0",
      "resolved": "https://registry.npmjs.org/string-left-right/-/string-left-right-3.0.0.tgz",
      "integrity": "sha512-9mPqjiWQ1fi/2e9XluWvWu9EEuc15Nij/bmatNVly8HoM12o4HLmMv9yFbT+tOnMOQiuU4LaVjDvD9Fr61Ua1w==",
      "requires": {
        "lodash.clonedeep": "^4.5.0",
        "lodash.isplainobject": "^4.0.6"
      }
    },
    "string-strip-html": {
      "version": "7.0.2",
      "resolved": "https://registry.npmjs.org/string-strip-html/-/string-strip-html-7.0.2.tgz",
      "integrity": "sha512-0hphrMu5jKJRJqBzsHU27S7tdRmGk3q/jF2Vb20eZ+bnCcyykBdGDXpvOxdwfJvsZDroL8oThItzKJwdyo7knA==",
      "requires": {
        "ent": "^2.2.0",
        "lodash.isplainobject": "^4.0.6",
        "lodash.trim": "^4.5.1",
        "lodash.without": "^4.4.0",
        "ranges-apply": "^4.0.2",
        "ranges-push": "^4.0.2",
        "string-left-right": "^3.0.0"
      }
    },
    "string-trim-spaces-only": {
      "version": "2.9.0",
      "resolved": "https://registry.npmjs.org/string-trim-spaces-only/-/string-trim-spaces-only-2.9.0.tgz",
      "integrity": "sha512-Ny/6ncfD52McLZbgYhhediuTzLGDjKd53H1QcJBFh1kbZRtsBntYmScJx5LeyPteGDRDbzP+qP6TyqJVj2ef9g=="
    },
    "validator": {
      "version": "13.5.1",
      "resolved": "https://registry.npmjs.org/validator/-/validator-13.5.1.tgz",
      "integrity": "sha512-s+7LW1Xi0OzPNfGN7Hb2vk0YB/epp9KFHHGC5JtqZOE1dUkN4ULPFZAQ1inCu7ceAsWmOJu6sn9cnwm3R+ghWQ=="
    }
  }
}
